{
  "name": "@voxpelli/feature-interoperability",
  "version": "0.0.0",
  "lockfileVersion": 2,
  "requires": true,
  "packages": {
    "": {
      "name": "@voxpelli/feature-interoperability",
      "version": "0.0.0",
      "license": "UNLICENSED",
      "dependencies": {
        "@mdn/browser-compat-data": "^5.1.0"
      },
      "engines": {
        "node": ">=16.0.0"
      }
    },
    "node_modules/@mdn/browser-compat-data": {
      "version": "5.1.0",
      "resolved": "https://registry.npmjs.org/@mdn/browser-compat-data/-/browser-compat-data-5.1.0.tgz",
      "integrity": "sha512-gzkjaV4OBJxtQTySe3lvO0ey7Hz6OPLjPy4Gsa1rTbuHHukXWkNbKLq+yrW0KfCpXuKuG31GK8EsMIxBK0jKWg=="
    }
  },
  "dependencies": {
    "@mdn/browser-compat-data": {
      "version": "5.1.0",
      "resolved": "https://registry.npmjs.org/@mdn/browser-compat-data/-/browser-compat-data-5.1.0.tgz",
      "integrity": "sha512-gzkjaV4OBJxtQTySe3lvO0ey7Hz6OPLjPy4Gsa1rTbuHHukXWkNbKLq+yrW0KfCpXuKuG31GK8EsMIxBK0jKWg=="
    }
  }
}
