name: align-content in block layouts
description: The `align-content` property vertically aligns content in block layouts, like it does in flex or grid layouts.
spec: https://drafts.csswg.org/css-align-3/#align-justify-content
group: layout
compat_features:
  - css.properties.align-content.block_context
