name: Screen wake lock
description: The `navigator.wakeLock.request("screen")` API prevents the device's screen from dimming or being turned off.
spec: https://w3c.github.io/screen-wake-lock/
caniuse: wake-lock
# TODO: resolve these minor differences with caniuse:
#  - Chrome 84 vs. 85
#  - Edge 84 vs. 90
status:
  compute_from:
    - api.WakeLock.request
compat_features:
  - api.Navigator.wakeLock
  - api.Permissions.permission_screen-wake-lock
  - api.WakeLock
  - api.WakeLock.request
  - api.WakeLockSentinel
  - api.WakeLockSentinel.release
  - api.WakeLockSentinel.release_event
  - api.WakeLockSentinel.released
  - api.WakeLockSentinel.type
  - html.elements.iframe.allow.screen-wake-lock
  - http.headers.Permissions-Policy.screen-wake-lock
